Microsoft Visual Studio Solution File, Format Version 12.00
# Visual Studio Version 17
VisualStudioVersion = 17.5.2.0
MinimumVisualStudioVersion = 10.0.40219.1
Project("{FAE04EC0-301F-11D3-BF4B-00C04F79EFBC}") = "net25-kurs-4-asp-net-net25-aspnet-alexander-ljungqvist", "net25-kurs-4-asp-net-net25-aspnet-alexander-ljungqvist.csproj", "{F33A3614-61D7-70BC-6CE6-EB352D02C458}"
EndProject
Global
	GlobalSection(SolutionConfigurationPlatforms) = preSolution
		Debug|Any CPU = Debug|Any CPU
		Release|Any CPU = Release|Any CPU
	EndGlobalSection
	GlobalSection(ProjectConfigurationPlatforms) = postSolution
		{F33A3614-61D7-70BC-6CE6-EB352D02C458}.Debug|Any CPU.ActiveCfg = Debug|Any CPU
		{F33A3614-61D7-70BC-6CE6-EB352D02C458}.Debug|Any CPU.Build.0 = Debug|Any CPU
		{F33A3614-61D7-70BC-6CE6-EB352D02C458}.Release|Any CPU.ActiveCfg = Release|Any CPU
		{F33A3614-61D7-70BC-6CE6-EB352D02C458}.Release|Any CPU.Build.0 = Release|Any CPU
	EndGlobalSection
	GlobalSection(SolutionProperties) = preSolution
		HideSolutionNode = FALSE
	EndGlobalSection
	GlobalSection(ExtensibilityGlobals) = postSolution
		SolutionGuid = {D4E7D8FC-D4C4-4CB8-BC25-DC87E2F83910}
	EndGlobalSection
EndGlobal
